# This file is automatically @generated by Cargo.
# It is not intended for manual editing.
version = 4

[[package]]
name = "auth_handler"
version = "0.1.0"

[[package]]
name = "config_manager"
version = "0.1.0"

[[package]]
name = "github_client"
version = "0.1.0"

[[package]]
name = "repo_roller_api"
version = "0.1.0"

[[package]]
name = "repo_roller_azure_fn"
version = "0.1.0"

[[package]]
name = "repo_roller_cli"
version = "0.1.0"

[[package]]
name = "repo_roller_core"
version = "0.1.0"

[[package]]
name = "repo_roller_mcp"
version = "0.1.0"

[[package]]
name = "template_engine"
version = "0.1.0"
